
Microsoft Visual Studio Solution File, Format Version 12.00
Project("{FAE04EC0-301F-11D3-BF4B-00C04F79EFBC}") = "second-test", "second-test.csproj", "{0CF5CC8E-1A61-4B93-9522-6E3997105995}"
EndProject
Global
	GlobalSection(SolutionConfigurationPlatforms) = preSolution
		Debug|Any CPU = Debug|Any CPU
		Release|Any CPU = Release|Any CPU
	EndGlobalSection
	GlobalSection(ProjectConfigurationPlatforms) = postSolution
		{0CF5CC8E-1A61-4B93-9522-6E3997105995}.Debug|Any CPU.ActiveCfg = Debug|Any CPU
		{0CF5CC8E-1A61-4B93-9522-6E3997105995}.Debug|Any CPU.Build.0 = Debug|Any CPU
		{0CF5CC8E-1A61-4B93-9522-6E3997105995}.Release|Any CPU.ActiveCfg = Release|Any CPU
		{0CF5CC8E-1A61-4B93-9522-6E3997105995}.Release|Any CPU.Build.0 = Release|Any CPU
	EndGlobalSection
EndGlobal
